[[package]]
name = "anyio"
version = "3.6.2"
description = "High level compatibility layer for multiple asynchronous event loop implementations"
category = "main"
optional = false
python-versions = ">=3.6.2"

[package.dependencies]
idna = ">=2.8"
sniffio = ">=1.1"

[package.extras]
doc = ["packaging", "sphinx-rtd-theme", "sphinx-autodoc-typehints (>=1.2.0)"]
test = ["coverage[toml] (>=4.5)", "hypothesis (>=4.0)", "pytest (>=7.0)", "pytest-mock (>=3.6.1)", "trustme", "contextlib2", "uvloop (<0.15)", "mock (>=4)", "uvloop (>=0.15)"]
trio = ["trio (>=0.16,<0.22)"]

[[package]]
name = "attrs"
version = "22.2.0"
description = "Classes Without Boilerplate"
category = "main"
optional = false
python-versions = ">=3.6"

[package.extras]
cov = ["attrs", "coverage-enable-subprocess", "coverage[toml] (>=5.3)"]
dev = ["attrs"]
docs = ["furo", "sphinx", "myst-parser", "zope.interface", "sphinx-notfound-page", "sphinxcontrib-towncrier", "towncrier"]
tests = ["attrs", "zope.interface"]
tests-no-zope = ["hypothesis", "pympler", "pytest (>=4.3.0)", "pytest-xdist", "cloudpickle", "mypy (>=0.971,<0.990)", "pytest-mypy-plugins"]
tests_no_zope = ["hypothesis", "pympler", "pytest (>=4.3.0)", "pytest-xdist", "cloudpickle", "mypy (>=0.971,<0.990)", "pytest-mypy-plugins"]

[[package]]
name = "autoflake"
version = "2.0.0"
description = "Removes unused imports and unused variables"
category = "main"
optional = false
python-versions = ">=3.7"

[package.dependencies]
pyflakes = ">=3.0.0"
tomli = {version = ">=2.0.1", markers = "python_version < \"3.11\""}

[[package]]
name = "black"
version = "22.12.0"
description = "The uncompromising code formatter."
category = "main"
optional = false
python-versions = ">=3.7"

[package.dependencies]
click = ">=8.0.0"
mypy-extensions = ">=0.4.3"
pathspec = ">=0.9.0"
platformdirs = ">=2"
tomli = {version = ">=1.1.0", markers = "python_full_version < \"3.11.0a7\""}
typing-extensions = {version = ">=3.10.0.0", markers = "python_version < \"3.10\""}

[package.extras]
colorama = ["colorama (>=0.4.3)"]
d = ["aiohttp (>=3.7.4)"]
jupyter = ["ipython (>=7.8.0)", "tokenize-rt (>=3.2.0)"]
uvloop = ["uvloop (>=0.15.2)"]

[[package]]
name = "certifi"
version = "2022.12.7"
description = "Python package for providing Mozilla's CA Bundle."
category = "main"
optional = false
python-versions = ">=3.6"

[[package]]
name = "click"
version = "8.1.3"
description = "Composable command line interface toolkit"
category = "main"
optional = false
python-versions = ">=3.7"

[package.dependencies]
colorama = {version = "*", markers = "platform_system == \"Windows\""}

[[package]]
name = "colorama"
version = "0.4.6"
description = "Cross-platform colored terminal text."
category = "main"
optional = false
python-versions = "!=3.0.*,!=3.1.*,!=3.2.*,!=3.3.*,!=3.4.*,!=3.5.*,!=3.6.*,>=2.7"

[[package]]
name = "h11"
version = "0.14.0"
description = "A pure-Python, bring-your-own-I/O implementation of HTTP/1.1"
category = "main"
optional = false
python-versions = ">=3.7"

[[package]]
name = "httpcore"
version = "0.16.3"
description = "A minimal low-level HTTP client."
category = "main"
optional = false
python-versions = ">=3.7"

[package.dependencies]
anyio = ">=3.0,<5.0"
certifi = "*"
h11 = ">=0.13,<0.15"
sniffio = ">=1.0.0,<2.0.0"

[package.extras]
http2 = ["h2 (>=3,<5)"]
socks = ["socksio (>=1.0.0,<2.0.0)"]

[[package]]
name = "httpx"
version = "0.23.3"
description = "The next generation HTTP client."
category = "main"
optional = false
python-versions = ">=3.7"

[package.dependencies]
certifi = "*"
httpcore = ">=0.15.0,<0.17.0"
rfc3986 = {version = ">=1.3,<2", extras = ["idna2008"]}
sniffio = "*"

[package.extras]
brotli = ["brotli", "brotlicffi"]
cli = ["click (>=8.0.0,<9.0.0)", "pygments (>=2.0.0,<3.0.0)", "rich (>=10,<13)"]
http2 = ["h2 (>=3,<5)"]
socks = ["socksio (>=1.0.0,<2.0.0)"]

[[package]]
name = "idna"
version = "3.4"
description = "Internationalized Domain Names in Applications (IDNA)"
category = "main"
optional = false
python-versions = ">=3.5"

[[package]]
name = "isort"
version = "5.11.4"
description = "A Python utility / library to sort Python imports."
category = "main"
optional = false
python-versions = ">=3.7.0"

[package.extras]
colors = ["colorama (>=0.4.3,<0.5.0)"]
requirements-deprecated-finder = ["pip-api", "pipreqs"]
pipfile-deprecated-finder = ["pipreqs", "requirementslib"]
plugins = ["setuptools"]

[[package]]
name = "jinja2"
version = "3.1.2"
description = "A very fast and expressive template engine."
category = "main"
optional = false
python-versions = ">=3.7"

[package.dependencies]
MarkupSafe = ">=2.0"

[package.extras]
i18n = ["Babel (>=2.7)"]

[[package]]
name = "markupsafe"
version = "2.1.2"
description = "Safely add untrusted strings to HTML/XML markup."
category = "main"
optional = false
python-versions = ">=3.7"

[[package]]
name = "mypy-extensions"
version = "0.4.3"
description = "Experimental type system extensions for programs checked with the mypy typechecker."
category = "main"
optional = false
python-versions = "*"

[[package]]
name = "openapi-python-client"
version = "0.13.1"
description = "Generate modern Python clients from OpenAPI"
category = "main"
optional = false
python-versions = ">=3.7.2,<4.0.0"

[package.dependencies]
attrs = ">=21.3.0"
autoflake = ">=1.4,<3.0.0"
black = "*"
colorama = {version = ">=0.4.3,<0.5.0", markers = "sys_platform == \"win32\""}
httpx = ">=0.15.4,<0.24.0"
isort = ">=5.0.5,<6.0.0"
jinja2 = ">=3.0.0,<4.0.0"
pydantic = ">=1.6.1,<2.0.0"
python-dateutil = ">=2.8.1,<3.0.0"
PyYAML = ">=6.0,<7.0"
shellingham = ">=1.3.2,<2.0.0"
typer = ">=0.6,<0.8.0"

[[package]]
name = "pathspec"
version = "0.11.0"
description = "Utility library for gitignore style pattern matching of file paths."
category = "main"
optional = false
python-versions = ">=3.7"

[[package]]
name = "platformdirs"
version = "2.6.2"
description = "A small Python package for determining appropriate platform-specific dirs, e.g. a \"user data dir\"."
category = "main"
optional = false
python-versions = ">=3.7"

[package.extras]
docs = ["furo (>=2022.12.7)", "proselint (>=0.13)", "sphinx-autodoc-typehints (>=1.19.5)", "sphinx (>=5.3)"]
test = ["appdirs (==1.4.4)", "covdefaults (>=2.2.2)", "pytest-cov (>=4)", "pytest-mock (>=3.10)", "pytest (>=7.2)"]

[[package]]
name = "pydantic"
version = "1.10.4"
description = "Data validation and settings management using python type hints"
category = "main"
optional = false
python-versions = ">=3.7"

[package.dependencies]
typing-extensions = ">=4.2.0"

[package.extras]
dotenv = ["python-dotenv (>=0.10.4)"]
email = ["email-validator (>=1.0.3)"]

[[package]]
name = "pyflakes"
version = "3.0.1"
description = "passive checker of Python programs"
category = "main"
optional = false
python-versions = ">=3.6"

[[package]]
name = "python-dateutil"
version = "2.8.2"
description = "Extensions to the standard Python datetime module"
category = "main"
optional = false
python-versions = "!=3.0.*,!=3.1.*,!=3.2.*,>=2.7"

[package.dependencies]
six = ">=1.5"

[[package]]
name = "pyyaml"
version = "6.0"
description = "YAML parser and emitter for Python"
category = "main"
optional = false
python-versions = ">=3.6"

[[package]]
name = "rfc3986"
version = "1.5.0"
description = "Validating URI References per RFC 3986"
category = "main"
optional = false
python-versions = "*"

[package.dependencies]
idna = {version = "*", optional = true, markers = "extra == \"idna2008\""}

[package.extras]
idna2008 = ["idna"]

[[package]]
name = "shellingham"
version = "1.5.0.post1"
description = "Tool to Detect Surrounding Shell"
category = "main"
optional = false
python-versions = ">=3.7"

[[package]]
name = "six"
version = "1.16.0"
description = "Python 2 and 3 compatibility utilities"
category = "main"
optional = false
python-versions = ">=2.7, !=3.0.*, !=3.1.*, !=3.2.*"

[[package]]
name = "sniffio"
version = "1.3.0"
description = "Sniff out which async library your code is running under"
category = "main"
optional = false
python-versions = ">=3.7"

[[package]]
name = "tomli"
version = "2.0.1"
description = "A lil' TOML parser"
category = "main"
optional = false
python-versions = ">=3.7"

[[package]]
name = "typer"
version = "0.7.0"
description = "Typer, build great CLIs. Easy to code. Based on Python type hints."
category = "main"
optional = false
python-versions = ">=3.6"

[package.dependencies]
click = ">=7.1.1,<9.0.0"

[package.extras]
all = ["colorama (>=0.4.3,<0.5.0)", "shellingham (>=1.3.0,<2.0.0)", "rich (>=10.11.0,<13.0.0)"]
dev = ["autoflake (>=1.3.1,<2.0.0)", "flake8 (>=3.8.3,<4.0.0)", "pre-commit (>=2.17.0,<3.0.0)"]
doc = ["mkdocs (>=1.1.2,<2.0.0)", "mkdocs-material (>=8.1.4,<9.0.0)", "mdx-include (>=1.4.1,<2.0.0)", "pillow (>=9.3.0,<10.0.0)", "cairosvg (>=2.5.2,<3.0.0)"]
test = ["shellingham (>=1.3.0,<2.0.0)", "pytest (>=4.4.0,<8.0.0)", "pytest-cov (>=2.10.0,<5.0.0)", "coverage (>=6.2,<7.0)", "pytest-xdist (>=1.32.0,<4.0.0)", "pytest-sugar (>=0.9.4,<0.10.0)", "mypy (==0.910)", "black (>=22.3.0,<23.0.0)", "isort (>=5.0.6,<6.0.0)", "rich (>=10.11.0,<13.0.0)"]

[[package]]
name = "typing-extensions"
version = "4.4.0"
description = "Backported and Experimental Type Hints for Python 3.7+"
category = "main"
optional = false
python-versions = ">=3.7"

[metadata]
lock-version = "1.1"
python-versions = "^3.8"
content-hash = "bfe22794bafaf9a292b0d0915aee724050322ee3e62b128152bccc256096bfaf"

[metadata.files]
anyio = []
attrs = []
autoflake = []
black = []
certifi = []
click = []
colorama = []
h11 = []
httpcore = []
httpx = []
idna = []
isort = []
jinja2 = []
markupsafe = []
mypy-extensions = []
openapi-python-client = []
pathspec = []
platformdirs = []
pydantic = []
pyflakes = []
python-dateutil = []
pyyaml = []
rfc3986 = []
shellingham = []
six = []
sniffio = []
tomli = []
typer = []
typing-extensions = []
